
Microsoft Visual Studio Solution File, Format Version 12.00
# Visual Studio 15
VisualStudioVersion = 15.0.28307.960
MinimumVisualStudioVersion = 10.0.40219.1
Project("{FAE04EC0-301F-11D3-BF4B-00C04F79EFBC}") = "CachorrinhoMordeu", "CachorrinhoMordeu\CachorrinhoMordeu.csproj", "{94A9DC7E-2321-4A78-80DE-07428DD93DF7}"
EndProject
Global
	GlobalSection(SolutionConfigurationPlatforms) = preSolution
		Debug|Any CPU = Debug|Any CPU
		Release|Any CPU = Release|Any CPU
	EndGlobalSection
	GlobalSection(ProjectConfigurationPlatforms) = postSolution
		{94A9DC7E-2321-4A78-80DE-07428DD93DF7}.Debug|Any CPU.ActiveCfg = Debug|Any CPU
		{94A9DC7E-2321-4A78-80DE-07428DD93DF7}.Debug|Any CPU.Build.0 = Debug|Any CPU
		{94A9DC7E-2321-4A78-80DE-07428DD93DF7}.Release|Any CPU.ActiveCfg = Release|Any CPU
		{94A9DC7E-2321-4A78-80DE-07428DD93DF7}.Release|Any CPU.Build.0 = Release|Any CPU
	EndGlobalSection
	GlobalSection(SolutionProperties) = preSolution
		HideSolutionNode = FALSE
	EndGlobalSection
	GlobalSection(ExtensibilityGlobals) = postSolution
		SolutionGuid = {3CA4E41A-2006-4F74-A261-A6C10D7789DE}
	EndGlobalSection
EndGlobal
